
Microsoft Visual Studio Solution File, Format Version 12.00
# Visual Studio Version 16
VisualStudioVersion = 16.0.31205.134
MinimumVisualStudioVersion = 10.0.40219.1
Project("{FAE04EC0-301F-11D3-BF4B-00C04F79EFBC}") = "Program 2", "Program 2\Program 2.csproj", "{348E270D-5C49-4D27-82AA-A87071E3ED5D}"
EndProject
Global
	GlobalSection(SolutionConfigurationPlatforms) = preSolution
		Debug|Any CPU = Debug|Any CPU
		Release|Any CPU = Release|Any CPU
	EndGlobalSection
	GlobalSection(ProjectConfigurationPlatforms) = postSolution
		{348E270D-5C49-4D27-82AA-A87071E3ED5D}.Debug|Any CPU.ActiveCfg = Debug|Any CPU
		{348E270D-5C49-4D27-82AA-A87071E3ED5D}.Debug|Any CPU.Build.0 = Debug|Any CPU
		{348E270D-5C49-4D27-82AA-A87071E3ED5D}.Release|Any CPU.ActiveCfg = Release|Any CPU
		{348E270D-5C49-4D27-82AA-A87071E3ED5D}.Release|Any CPU.Build.0 = Release|Any CPU
	EndGlobalSection
	GlobalSection(SolutionProperties) = preSolution
		HideSolutionNode = FALSE
	EndGlobalSection
	GlobalSection(ExtensibilityGlobals) = postSolution
		SolutionGuid = {6F846B14-215B-4752-9D68-39B0BE4D8980}
	EndGlobalSection
EndGlobal
